{
  "requires": true,
  "lockfileVersion": 1,
  "dependencies": {
    "react-confirm-alert": {
      "version": "2.0.6",
      "resolved": "https://registry.npmjs.org/react-confirm-alert/-/react-confirm-alert-2.0.6.tgz",
      "integrity": "sha512-9JJ9DFyU8EUcMXyfRYmfMzTkqLHM7mDTcc7XAX8eokOp/wDm62AeTBMs7NasWXN7MesKHDTC55u8FemYOWvmkQ=="
    }
  }
}
